// !$*UTF8*$!
{
	archiveVersion = 1;
	classes = {
	};
	objectVersion = 46;
	objects = {

/* Begin PBXBuildFile section */
		06139C86EA3ACF93E3F4E360 /* Pods_momentsTests.framework in Frameworks */ = {isa = PBXBuildFile; fileRef = 60B862552013E70AEF9FA7EF /* Pods_momentsTests.framework */; };
		1252C09A1CAD156600A72A70 /* touchHelper.swift in Sources */ = {isa = PBXBuildFile; fileRef = 1252C0991CAD156600A72A70 /* touchHelper.swift */; };
		1252C0A51CAD15DB00A72A70 /* MapController.swift in Sources */ = {isa = PBXBuildFile; fileRef = 1252C0A31CAD15DB00A72A70 /* MapController.swift */; };
		1252C0A61CAD15DB00A72A70 /* SignInController.swift in Sources */ = {isa = PBXBuildFile; fileRef = 1252C0A41CAD15DB00A72A70 /* SignInController.swift */; };
		1252C0AB1CAD16E400A72A70 /* facebookErrorHandler.swift in Sources */ = {isa = PBXBuildFile; fileRef = 1252C0A91CAD16E400A72A70 /* facebookErrorHandler.swift */; };
		1252C0AC1CAD16E400A72A70 /* facebookOAuthHandler.swift in Sources */ = {isa = PBXBuildFile; fileRef = 1252C0AA1CAD16E400A72A70 /* facebookOAuthHandler.swift */; };
		1252C0B01CAD170600A72A70 /* downloadImage.swift in Sources */ = {isa = PBXBuildFile; fileRef = 1252C0AE1CAD170600A72A70 /* downloadImage.swift */; };
		1252C0B11CAD170600A72A70 /* uploadImage.swift in Sources */ = {isa = PBXBuildFile; fileRef = 1252C0AF1CAD170600A72A70 /* uploadImage.swift */; };
		1252C0B31CAD195E00A72A70 /* MapView.swift in Sources */ = {isa = PBXBuildFile; fileRef = 1252C0B21CAD195E00A72A70 /* MapView.swift */; };
		1281C5941CA6AEF200BFD18F /* CreateMomentUnitTests.swift in Sources */ = {isa = PBXBuildFile; fileRef = 1281C5931CA6AEF200BFD18F /* CreateMomentUnitTests.swift */; };
		1281C5981CA6B00A00BFD18F /* CreateMomentController.swift in Sources */ = {isa = PBXBuildFile; fileRef = 1281C5971CA6B00A00BFD18F /* CreateMomentController.swift */; };
		1281C59A1CA6B24D00BFD18F /* MapControllerUnitTests.swift in Sources */ = {isa = PBXBuildFile; fileRef = 1281C5991CA6B24D00BFD18F /* MapControllerUnitTests.swift */; };
		12B7619A1CAA6C3E0044067E /* MapAnnotation.swift in Sources */ = {isa = PBXBuildFile; fileRef = 12B761991CAA6C3E0044067E /* MapAnnotation.swift */; };
		12B761A31CAA7EAD0044067E /* MapAnnotation.swift in Sources */ = {isa = PBXBuildFile; fileRef = 12B761991CAA6C3E0044067E /* MapAnnotation.swift */; };
		12B761A51CAA7EC40044067E /* MapAnnotationUnitTests.swift in Sources */ = {isa = PBXBuildFile; fileRef = 12B761A41CAA7EC40044067E /* MapAnnotationUnitTests.swift */; };
		716DCF241CA9665A00B9A651 /* mockFirebase.swift in Sources */ = {isa = PBXBuildFile; fileRef = C18A423B1CA95EBF00444D6E /* mockFirebase.swift */; };
		71B7ADC11CAD689D001C3133 /* saveToTemporaryDirectory.swift in Sources */ = {isa = PBXBuildFile; fileRef = 71B7ADBF1CAD689D001C3133 /* saveToTemporaryDirectory.swift */; };
		71B7ADC21CAD689D001C3133 /* uploadImageErrorHandler.swift in Sources */ = {isa = PBXBuildFile; fileRef = 71B7ADC01CAD689D001C3133 /* uploadImageErrorHandler.swift */; };
		71B7ADC41CAD6B48001C3133 /* uploadImageResultHandler.swift in Sources */ = {isa = PBXBuildFile; fileRef = 71B7ADC31CAD6B48001C3133 /* uploadImageResultHandler.swift */; };
		71B7ADC71CAD7D0D001C3133 /* buildAnnotationView.swift in Sources */ = {isa = PBXBuildFile; fileRef = 71B7ADC61CAD7D0D001C3133 /* buildAnnotationView.swift */; };
		7C1E3787DDC02B4476C88C1E /* Pods_moments.framework in Frameworks */ = {isa = PBXBuildFile; fileRef = CD8B740496CE114ACD764FFF /* Pods_moments.framework */; };
		AD0818E1407656E1ADE6563F /* Pods_momentsUITests.framework in Frameworks */ = {isa = PBXBuildFile; fileRef = 3F11029ECB8F52936E84157A /* Pods_momentsUITests.framework */; };
		B51E4E9B1CAC86D700B91177 /* DataService.swift in Sources */ = {isa = PBXBuildFile; fileRef = B51E4E9A1CAC86D700B91177 /* DataService.swift */; };
		B51E4E9D1CAC871800B91177 /* Constants.swift in Sources */ = {isa = PBXBuildFile; fileRef = B51E4E9C1CAC871800B91177 /* Constants.swift */; };
		B558338A1CA472C90039E04C /* FBSDKCoreKit.framework in Frameworks */ = {isa = PBXBuildFile; fileRef = B55833891CA472C90039E04C /* FBSDKCoreKit.framework */; };
		B558338C1CA474BD0039E04C /* FBSDKLoginKit.framework in Frameworks */ = {isa = PBXBuildFile; fileRef = B558338B1CA474BD0039E04C /* FBSDKLoginKit.framework */; };
		C18A423A1CA94C5F00444D6E /* FirebaseMockSpec.swift in Sources */ = {isa = PBXBuildFile; fileRef = C18A42391CA94C5F00444D6E /* FirebaseMockSpec.swift */; };
		C18A423C1CA95EBF00444D6E /* mockFirebase.swift in Sources */ = {isa = PBXBuildFile; fileRef = C18A423B1CA95EBF00444D6E /* mockFirebase.swift */; };
		EAC3FDA21CA3F24B0083C500 /* AppDelegate.swift in Sources */ = {isa = PBXBuildFile; fileRef = EAC3FDA11CA3F24B0083C500 /* AppDelegate.swift */; };
		EAC3FDA71CA3F24B0083C500 /* Main.storyboard in Resources */ = {isa = PBXBuildFile; fileRef = EAC3FDA51CA3F24B0083C500 /* Main.storyboard */; };
		EAC3FDA91CA3F24B0083C500 /* Assets.xcassets in Resources */ = {isa = PBXBuildFile; fileRef = EAC3FDA81CA3F24B0083C500 /* Assets.xcassets */; };
		EAC3FDAC1CA3F24B0083C500 /* LaunchScreen.storyboard in Resources */ = {isa = PBXBuildFile; fileRef = EAC3FDAA1CA3F24B0083C500 /* LaunchScreen.storyboard */; };
		EAC3FDBA1CA3F4470083C500 /* momentsUITests.swift in Sources */ = {isa = PBXBuildFile; fileRef = EAC3FDB91CA3F4470083C500 /* momentsUITests.swift */; };
		EACF750C1CAD1E8600D40919 /* timeFormatter.swift in Sources */ = {isa = PBXBuildFile; fileRef = EACF750B1CAD1E8600D40919 /* timeFormatter.swift */; };
		EACF750E1CAD243400D40919 /* moment.swift in Sources */ = {isa = PBXBuildFile; fileRef = EACF750D1CAD243400D40919 /* moment.swift */; };
		EACF75101CAD305700D40919 /* MomentUnitTests.swift in Sources */ = {isa = PBXBuildFile; fileRef = EACF750F1CAD305700D40919 /* MomentUnitTests.swift */; };
		EACF75111CAD329D00D40919 /* moment.swift in Sources */ = {isa = PBXBuildFile; fileRef = EACF750D1CAD243400D40919 /* moment.swift */; };
		EACF75131CAD486100D40919 /* imageKeyValidator.swift in Sources */ = {isa = PBXBuildFile; fileRef = EACF75121CAD486100D40919 /* imageKeyValidator.swift */; };
		EAD58E381CA437C800E85D4C /* CoreLocation.framework in Frameworks */ = {isa = PBXBuildFile; fileRef = EAD58E371CA437C800E85D4C /* CoreLocation.framework */; };
		EAF439B41CA6B7B5009F014B /* OneShotLocationManager.swift in Sources */ = {isa = PBXBuildFile; fileRef = EAF439B31CA6B7B5009F014B /* OneShotLocationManager.swift */; };
/* End PBXBuildFile section */

/* Begin PBXContainerItemProxy section */
		EAC3FDBC1CA3F4470083C500 /* PBXContainerItemProxy */ = {
			isa = PBXContainerItemProxy;
			containerPortal = EAC3FD961CA3F24B0083C500 /* Project object */;
			proxyType = 1;
			remoteGlobalIDString = EAC3FD9D1CA3F24B0083C500;
			remoteInfo = moments;
		};
		EAC3FDCA1CA3F4580083C500 /* PBXContainerItemProxy */ = {
			isa = PBXContainerItemProxy;
			containerPortal = EAC3FD961CA3F24B0083C500 /* Project object */;
			proxyType = 1;
			remoteGlobalIDString = EAC3FD9D1CA3F24B0083C500;
			remoteInfo = moments;
		};
/* End PBXContainerItemProxy section */

/* Begin PBXFileReference section */
		1252C0991CAD156600A72A70 /* touchHelper.swift */ = {isa = PBXFileReference; fileEncoding = 4; lastKnownFileType = sourcecode.swift; path = touchHelper.swift; sourceTree = "<group>"; };
		1252C0A31CAD15DB00A72A70 /* MapController.swift */ = {isa = PBXFileReference; fileEncoding = 4; lastKnownFileType = sourcecode.swift; path = MapController.swift; sourceTree = "<group>"; };
		1252C0A41CAD15DB00A72A70 /* SignInController.swift */ = {isa = PBXFileReference; fileEncoding = 4; lastKnownFileType = sourcecode.swift; path = SignInController.swift; sourceTree = "<group>"; };
		1252C0A91CAD16E400A72A70 /* facebookErrorHandler.swift */ = {isa = PBXFileReference; fileEncoding = 4; lastKnownFileType = sourcecode.swift; path = facebookErrorHandler.swift; sourceTree = "<group>"; };
		1252C0AA1CAD16E400A72A70 /* facebookOAuthHandler.swift */ = {isa = PBXFileReference; fileEncoding = 4; lastKnownFileType = sourcecode.swift; path = facebookOAuthHandler.swift; sourceTree = "<group>"; };
		1252C0AE1CAD170600A72A70 /* downloadImage.swift */ = {isa = PBXFileReference; fileEncoding = 4; lastKnownFileType = sourcecode.swift; name = downloadImage.swift; path = ImageHandling/downloadImage.swift; sourceTree = "<group>"; };
		1252C0AF1CAD170600A72A70 /* uploadImage.swift */ = {isa = PBXFileReference; fileEncoding = 4; lastKnownFileType = sourcecode.swift; name = uploadImage.swift; path = ImageHandling/uploadImage.swift; sourceTree = "<group>"; };
		1252C0B21CAD195E00A72A70 /* MapView.swift */ = {isa = PBXFileReference; fileEncoding = 4; lastKnownFileType = sourcecode.swift; path = MapView.swift; sourceTree = "<group>"; };
		1281C5931CA6AEF200BFD18F /* CreateMomentUnitTests.swift */ = {isa = PBXFileReference; fileEncoding = 4; lastKnownFileType = sourcecode.swift; path = CreateMomentUnitTests.swift; sourceTree = "<group>"; };
		1281C5971CA6B00A00BFD18F /* CreateMomentController.swift */ = {isa = PBXFileReference; fileEncoding = 4; lastKnownFileType = sourcecode.swift; name = CreateMomentController.swift; path = moments/Controllers/CreateMomentController.swift; sourceTree = SOURCE_ROOT; };
		1281C5991CA6B24D00BFD18F /* MapControllerUnitTests.swift */ = {isa = PBXFileReference; fileEncoding = 4; lastKnownFileType = sourcecode.swift; path = MapControllerUnitTests.swift; sourceTree = "<group>"; };
		12B761991CAA6C3E0044067E /* MapAnnotation.swift */ = {isa = PBXFileReference; fileEncoding = 4; lastKnownFileType = sourcecode.swift; name = MapAnnotation.swift; path = moments/Models/MapAnnotation.swift; sourceTree = SOURCE_ROOT; };
		12B761A41CAA7EC40044067E /* MapAnnotationUnitTests.swift */ = {isa = PBXFileReference; fileEncoding = 4; lastKnownFileType = sourcecode.swift; path = MapAnnotationUnitTests.swift; sourceTree = "<group>"; };
		268328640982210A522001E5 /* Pods-momentsUITests.release.xcconfig */ = {isa = PBXFileReference; includeInIndex = 1; lastKnownFileType = text.xcconfig; name = "Pods-momentsUITests.release.xcconfig"; path = "Pods/Target Support Files/Pods-momentsUITests/Pods-momentsUITests.release.xcconfig"; sourceTree = "<group>"; };
		3F11029ECB8F52936E84157A /* Pods_momentsUITests.framework */ = {isa = PBXFileReference; explicitFileType = wrapper.framework; includeInIndex = 0; path = Pods_momentsUITests.framework; sourceTree = BUILT_PRODUCTS_DIR; };
		60B862552013E70AEF9FA7EF /* Pods_momentsTests.framework */ = {isa = PBXFileReference; explicitFileType = wrapper.framework; includeInIndex = 0; path = Pods_momentsTests.framework; sourceTree = BUILT_PRODUCTS_DIR; };
		718AFA6B434C4DB5B60D66AE /* Pods-momentsUITests.debug.xcconfig */ = {isa = PBXFileReference; includeInIndex = 1; lastKnownFileType = text.xcconfig; name = "Pods-momentsUITests.debug.xcconfig"; path = "Pods/Target Support Files/Pods-momentsUITests/Pods-momentsUITests.debug.xcconfig"; sourceTree = "<group>"; };
		71B7ADBF1CAD689D001C3133 /* saveToTemporaryDirectory.swift */ = {isa = PBXFileReference; fileEncoding = 4; lastKnownFileType = sourcecode.swift; name = saveToTemporaryDirectory.swift; path = ImageHandling/saveToTemporaryDirectory.swift; sourceTree = "<group>"; };
		71B7ADC01CAD689D001C3133 /* uploadImageErrorHandler.swift */ = {isa = PBXFileReference; fileEncoding = 4; lastKnownFileType = sourcecode.swift; name = uploadImageErrorHandler.swift; path = ImageHandling/uploadImageErrorHandler.swift; sourceTree = "<group>"; };
		71B7ADC31CAD6B48001C3133 /* uploadImageResultHandler.swift */ = {isa = PBXFileReference; fileEncoding = 4; lastKnownFileType = sourcecode.swift; name = uploadImageResultHandler.swift; path = ImageHandling/uploadImageResultHandler.swift; sourceTree = "<group>"; };
		71B7ADC61CAD7D0D001C3133 /* buildAnnotationView.swift */ = {isa = PBXFileReference; fileEncoding = 4; lastKnownFileType = sourcecode.swift; path = buildAnnotationView.swift; sourceTree = "<group>"; };
		80B5C720F8B205219D4BC161 /* Pods-momentsTests.debug.xcconfig */ = {isa = PBXFileReference; includeInIndex = 1; lastKnownFileType = text.xcconfig; name = "Pods-momentsTests.debug.xcconfig"; path = "Pods/Target Support Files/Pods-momentsTests/Pods-momentsTests.debug.xcconfig"; sourceTree = "<group>"; };
		A7382FDB7B04DB49BE9BA27C /* Pods-moments.release.xcconfig */ = {isa = PBXFileReference; includeInIndex = 1; lastKnownFileType = text.xcconfig; name = "Pods-moments.release.xcconfig"; path = "Pods/Target Support Files/Pods-moments/Pods-moments.release.xcconfig"; sourceTree = "<group>"; };
		B51E4E9A1CAC86D700B91177 /* DataService.swift */ = {isa = PBXFileReference; fileEncoding = 4; lastKnownFileType = sourcecode.swift; path = DataService.swift; sourceTree = "<group>"; };
		B51E4E9C1CAC871800B91177 /* Constants.swift */ = {isa = PBXFileReference; fileEncoding = 4; lastKnownFileType = sourcecode.swift; path = Constants.swift; sourceTree = "<group>"; };
		B55833891CA472C90039E04C /* FBSDKCoreKit.framework */ = {isa = PBXFileReference; lastKnownFileType = wrapper.framework; path = FBSDKCoreKit.framework; sourceTree = "<group>"; };
		B558338B1CA474BD0039E04C /* FBSDKLoginKit.framework */ = {isa = PBXFileReference; lastKnownFileType = wrapper.framework; path = FBSDKLoginKit.framework; sourceTree = "<group>"; };
		B59A63FD5AE53AFFCDEB9E19 /* Pods-moments.debug.xcconfig */ = {isa = PBXFileReference; includeInIndex = 1; lastKnownFileType = text.xcconfig; name = "Pods-moments.debug.xcconfig"; path = "Pods/Target Support Files/Pods-moments/Pods-moments.debug.xcconfig"; sourceTree = "<group>"; };
		C17F844C1CAAE0C500203E36 /* moments-Bridging-Header.h */ = {isa = PBXFileReference; lastKnownFileType = sourcecode.c.h; path = "moments-Bridging-Header.h"; sourceTree = "<group>"; };
		C18A42391CA94C5F00444D6E /* FirebaseMockSpec.swift */ = {isa = PBXFileReference; fileEncoding = 4; lastKnownFileType = sourcecode.swift; path = FirebaseMockSpec.swift; sourceTree = "<group>"; };
		C18A423B1CA95EBF00444D6E /* mockFirebase.swift */ = {isa = PBXFileReference; fileEncoding = 4; lastKnownFileType = sourcecode.swift; path = mockFirebase.swift; sourceTree = "<group>"; };
		CD8B740496CE114ACD764FFF /* Pods_moments.framework */ = {isa = PBXFileReference; explicitFileType = wrapper.framework; includeInIndex = 0; path = Pods_moments.framework; sourceTree = BUILT_PRODUCTS_DIR; };
		E7AF4C3A45E3929333F444FC /* Pods-momentsTests.release.xcconfig */ = {isa = PBXFileReference; includeInIndex = 1; lastKnownFileType = text.xcconfig; name = "Pods-momentsTests.release.xcconfig"; path = "Pods/Target Support Files/Pods-momentsTests/Pods-momentsTests.release.xcconfig"; sourceTree = "<group>"; };
		EAC3FD9E1CA3F24B0083C500 /* moments.app */ = {isa = PBXFileReference; explicitFileType = wrapper.application; includeInIndex = 0; path = moments.app; sourceTree = BUILT_PRODUCTS_DIR; };
		EAC3FDA11CA3F24B0083C500 /* AppDelegate.swift */ = {isa = PBXFileReference; lastKnownFileType = sourcecode.swift; path = AppDelegate.swift; sourceTree = "<group>"; };
		EAC3FDA61CA3F24B0083C500 /* Base */ = {isa = PBXFileReference; lastKnownFileType = file.storyboard; name = Base; path = Base.lproj/Main.storyboard; sourceTree = "<group>"; };
		EAC3FDA81CA3F24B0083C500 /* Assets.xcassets */ = {isa = PBXFileReference; lastKnownFileType = folder.assetcatalog; path = Assets.xcassets; sourceTree = "<group>"; };
		EAC3FDAB1CA3F24B0083C500 /* Base */ = {isa = PBXFileReference; lastKnownFileType = file.storyboard; name = Base; path = Base.lproj/LaunchScreen.storyboard; sourceTree = "<group>"; };
		EAC3FDAD1CA3F24B0083C500 /* Info.plist */ = {isa = PBXFileReference; lastKnownFileType = text.plist.xml; path = Info.plist; sourceTree = "<group>"; };
		EAC3FDB71CA3F4470083C500 /* momentsUITests.xctest */ = {isa = PBXFileReference; explicitFileType = wrapper.cfbundle; includeInIndex = 0; path = momentsUITests.xctest; sourceTree = BUILT_PRODUCTS_DIR; };
		EAC3FDB91CA3F4470083C500 /* momentsUITests.swift */ = {isa = PBXFileReference; lastKnownFileType = sourcecode.swift; path = momentsUITests.swift; sourceTree = "<group>"; };
		EAC3FDBB1CA3F4470083C500 /* Info.plist */ = {isa = PBXFileReference; lastKnownFileType = text.plist.xml; path = Info.plist; sourceTree = "<group>"; };
		EAC3FDC51CA3F4580083C500 /* momentsTests.xctest */ = {isa = PBXFileReference; explicitFileType = wrapper.cfbundle; includeInIndex = 0; path = momentsTests.xctest; sourceTree = BUILT_PRODUCTS_DIR; };
		EAC3FDC91CA3F4580083C500 /* Info.plist */ = {isa = PBXFileReference; lastKnownFileType = text.plist.xml; path = Info.plist; sourceTree = "<group>"; };
		EACF750B1CAD1E8600D40919 /* timeFormatter.swift */ = {isa = PBXFileReference; fileEncoding = 4; lastKnownFileType = sourcecode.swift; path = timeFormatter.swift; sourceTree = "<group>"; };
		EACF750D1CAD243400D40919 /* moment.swift */ = {isa = PBXFileReference; fileEncoding = 4; lastKnownFileType = sourcecode.swift; path = moment.swift; sourceTree = "<group>"; };
		EACF750F1CAD305700D40919 /* MomentUnitTests.swift */ = {isa = PBXFileReference; fileEncoding = 4; lastKnownFileType = sourcecode.swift; path = MomentUnitTests.swift; sourceTree = "<group>"; };
		EACF75121CAD486100D40919 /* imageKeyValidator.swift */ = {isa = PBXFileReference; fileEncoding = 4; lastKnownFileType = sourcecode.swift; path = imageKeyValidator.swift; sourceTree = "<group>"; };
		EAD58E371CA437C800E85D4C /* CoreLocation.framework */ = {isa = PBXFileReference; lastKnownFileType = wrapper.framework; name = CoreLocation.framework; path = System/Library/Frameworks/CoreLocation.framework; sourceTree = SDKROOT; };
		EAF439B31CA6B7B5009F014B /* OneShotLocationManager.swift */ = {isa = PBXFileReference; fileEncoding = 4; lastKnownFileType = sourcecode.swift; name = OneShotLocationManager.swift; path = ../OneShotLocationManager.swift; sourceTree = "<group>"; };
/* End PBXFileReference section */

/* Begin PBXFrameworksBuildPhase section */
		EAC3FD9B1CA3F24B0083C500 /* Frameworks */ = {
			isa = PBXFrameworksBuildPhase;
			buildActionMask = 2147483647;
			files = (
				EAD58E381CA437C800E85D4C /* CoreLocation.framework in Frameworks */,
				7C1E3787DDC02B4476C88C1E /* Pods_moments.framework in Frameworks */,
				B558338A1CA472C90039E04C /* FBSDKCoreKit.framework in Frameworks */,
				B558338C1CA474BD0039E04C /* FBSDKLoginKit.framework in Frameworks */,
			);
			runOnlyForDeploymentPostprocessing = 0;
		};
		EAC3FDB41CA3F4470083C500 /* Frameworks */ = {
			isa = PBXFrameworksBuildPhase;
			buildActionMask = 2147483647;
			files = (
				AD0818E1407656E1ADE6563F /* Pods_momentsUITests.framework in Frameworks */,
			);
			runOnlyForDeploymentPostprocessing = 0;
		};
		EAC3FDC21CA3F4580083C500 /* Frameworks */ = {
			isa = PBXFrameworksBuildPhase;
			buildActionMask = 2147483647;
			files = (
				06139C86EA3ACF93E3F4E360 /* Pods_momentsTests.framework in Frameworks */,
			);
			runOnlyForDeploymentPostprocessing = 0;
		};
/* End PBXFrameworksBuildPhase section */

/* Begin PBXGroup section */
		122876DA1CA91D5B0022783E /* Helpers */ = {
			isa = PBXGroup;
			children = (
				71B7ADC51CAD7C8E001C3133 /* Annotations */,
				EACF750A1CAD1E2900D40919 /* Creation */,
				1252C0AD1CAD16EC00A72A70 /* ImageHandlers */,
				1252C0A71CAD165A00A72A70 /* Authentication */,
				1252C0991CAD156600A72A70 /* touchHelper.swift */,
				EACF75121CAD486100D40919 /* imageKeyValidator.swift */,
			);
			path = Helpers;
			sourceTree = "<group>";
		};
		1252C0A71CAD165A00A72A70 /* Authentication */ = {
			isa = PBXGroup;
			children = (
				1252C0A91CAD16E400A72A70 /* facebookErrorHandler.swift */,
				1252C0AA1CAD16E400A72A70 /* facebookOAuthHandler.swift */,
			);
			path = Authentication;
			sourceTree = "<group>";
		};
		1252C0AD1CAD16EC00A72A70 /* ImageHandlers */ = {
			isa = PBXGroup;
			children = (
				1252C0AE1CAD170600A72A70 /* downloadImage.swift */,
				1252C0AF1CAD170600A72A70 /* uploadImage.swift */,
				71B7ADBF1CAD689D001C3133 /* saveToTemporaryDirectory.swift */,
				71B7ADC01CAD689D001C3133 /* uploadImageErrorHandler.swift */,
				71B7ADC31CAD6B48001C3133 /* uploadImageResultHandler.swift */,
			);
			name = ImageHandlers;
			sourceTree = "<group>";
		};
		1281C5921CA6AE7800BFD18F /* Controllers */ = {
			isa = PBXGroup;
			children = (
				1252C0A31CAD15DB00A72A70 /* MapController.swift */,
				1252C0A41CAD15DB00A72A70 /* SignInController.swift */,
				1281C5971CA6B00A00BFD18F /* CreateMomentController.swift */,
			);
			path = Controllers;
			sourceTree = "<group>";
		};
		12B761981CAA6BFF0044067E /* Models */ = {
			isa = PBXGroup;
			children = (
				12B761991CAA6C3E0044067E /* MapAnnotation.swift */,
				EACF750D1CAD243400D40919 /* moment.swift */,
			);
			path = Models;
			sourceTree = "<group>";
		};
		12B761A81CAAA85C0044067E /* Views */ = {
			isa = PBXGroup;
			children = (
				1252C0B21CAD195E00A72A70 /* MapView.swift */,
			);
			path = Views;
			sourceTree = "<group>";
		};
		71B7ADC51CAD7C8E001C3133 /* Annotations */ = {
			isa = PBXGroup;
			children = (
				71B7ADC61CAD7D0D001C3133 /* buildAnnotationView.swift */,
			);
			path = Annotations;
			sourceTree = "<group>";
		};
		B51E4E991CAC869A00B91177 /* Services */ = {
			isa = PBXGroup;
			children = (
				B51E4E9A1CAC86D700B91177 /* DataService.swift */,
			);
			name = Services;
			sourceTree = "<group>";
		};
		C12DC210C6995AA8A42D2EB3 /* Frameworks */ = {
			isa = PBXGroup;
			children = (
				B558338B1CA474BD0039E04C /* FBSDKLoginKit.framework */,
				B55833891CA472C90039E04C /* FBSDKCoreKit.framework */,
				EAD58E371CA437C800E85D4C /* CoreLocation.framework */,
				CD8B740496CE114ACD764FFF /* Pods_moments.framework */,
				60B862552013E70AEF9FA7EF /* Pods_momentsTests.framework */,
				3F11029ECB8F52936E84157A /* Pods_momentsUITests.framework */,
			);
			name = Frameworks;
			sourceTree = "<group>";
		};
		D1026421DEA7A7F6A17BEF57 /* Pods */ = {
			isa = PBXGroup;
			children = (
				B59A63FD5AE53AFFCDEB9E19 /* Pods-moments.debug.xcconfig */,
				A7382FDB7B04DB49BE9BA27C /* Pods-moments.release.xcconfig */,
				80B5C720F8B205219D4BC161 /* Pods-momentsTests.debug.xcconfig */,
				E7AF4C3A45E3929333F444FC /* Pods-momentsTests.release.xcconfig */,
				718AFA6B434C4DB5B60D66AE /* Pods-momentsUITests.debug.xcconfig */,
				268328640982210A522001E5 /* Pods-momentsUITests.release.xcconfig */,
			);
			name = Pods;
			sourceTree = "<group>";
		};
		EAC3FD951CA3F24B0083C500 = {
			isa = PBXGroup;
			children = (
				EAC3FDA01CA3F24B0083C500 /* moments */,
				EAC3FDB81CA3F4470083C500 /* momentsUITests */,
				EAC3FDC61CA3F4580083C500 /* momentsTests */,
				EAC3FD9F1CA3F24B0083C500 /* Products */,
				D1026421DEA7A7F6A17BEF57 /* Pods */,
				C12DC210C6995AA8A42D2EB3 /* Frameworks */,
			);
			sourceTree = "<group>";
		};
		EAC3FD9F1CA3F24B0083C500 /* Products */ = {
			isa = PBXGroup;
			children = (
				EAC3FD9E1CA3F24B0083C500 /* moments.app */,
				EAC3FDB71CA3F4470083C500 /* momentsUITests.xctest */,
				EAC3FDC51CA3F4580083C500 /* momentsTests.xctest */,
			);
			name = Products;
			sourceTree = "<group>";
		};
		EAC3FDA01CA3F24B0083C500 /* moments */ = {
			isa = PBXGroup;
			children = (
				B51E4E991CAC869A00B91177 /* Services */,
				12B761A81CAAA85C0044067E /* Views */,
				12B761981CAA6BFF0044067E /* Models */,
				122876DA1CA91D5B0022783E /* Helpers */,
				EAF439B31CA6B7B5009F014B /* OneShotLocationManager.swift */,
				1281C5921CA6AE7800BFD18F /* Controllers */,
				EAC3FDA11CA3F24B0083C500 /* AppDelegate.swift */,
				EAC3FDA51CA3F24B0083C500 /* Main.storyboard */,
				EAC3FDA81CA3F24B0083C500 /* Assets.xcassets */,
				EAC3FDAA1CA3F24B0083C500 /* LaunchScreen.storyboard */,
				EAC3FDAD1CA3F24B0083C500 /* Info.plist */,
				C18A423B1CA95EBF00444D6E /* mockFirebase.swift */,
				C17F844C1CAAE0C500203E36 /* moments-Bridging-Header.h */,
				B51E4E9C1CAC871800B91177 /* Constants.swift */,
			);
			path = moments;
			sourceTree = "<group>";
		};
		EAC3FDB81CA3F4470083C500 /* momentsUITests */ = {
			isa = PBXGroup;
			children = (
				EAC3FDB91CA3F4470083C500 /* momentsUITests.swift */,
				EAC3FDBB1CA3F4470083C500 /* Info.plist */,
			);
			path = momentsUITests;
			sourceTree = "<group>";
		};
		EAC3FDC61CA3F4580083C500 /* momentsTests */ = {
			isa = PBXGroup;
			children = (
				EAC3FDC91CA3F4580083C500 /* Info.plist */,
				1281C5931CA6AEF200BFD18F /* CreateMomentUnitTests.swift */,
				1281C5991CA6B24D00BFD18F /* MapControllerUnitTests.swift */,
				C18A42391CA94C5F00444D6E /* FirebaseMockSpec.swift */,
				12B761A41CAA7EC40044067E /* MapAnnotationUnitTests.swift */,
				EACF750F1CAD305700D40919 /* MomentUnitTests.swift */,
			);
			path = momentsTests;
			sourceTree = "<group>";
		};
		EACF750A1CAD1E2900D40919 /* Creation */ = {
			isa = PBXGroup;
			children = (
				EACF750B1CAD1E8600D40919 /* timeFormatter.swift */,
			);
			path = Creation;
			sourceTree = "<group>";
		};
/* End PBXGroup section */

/* Begin PBXNativeTarget section */
		EAC3FD9D1CA3F24B0083C500 /* moments */ = {
			isa = PBXNativeTarget;
			buildConfigurationList = EAC3FDB01CA3F24B0083C500 /* Build configuration list for PBXNativeTarget "moments" */;
			buildPhases = (
				366BA2CDA78E447B132E930C /* Check Pods Manifest.lock */,
				EAC3FD9A1CA3F24B0083C500 /* Sources */,
				EAC3FD9B1CA3F24B0083C500 /* Frameworks */,
				EAC3FD9C1CA3F24B0083C500 /* Resources */,
				7E0673BD8F9B5C6E893C88D8 /* Embed Pods Frameworks */,
				C14EE05834E20F97AA016297 /* Copy Pods Resources */,
			);
			buildRules = (
			);
			dependencies = (
			);
			name = moments;
			productName = moments;
			productReference = EAC3FD9E1CA3F24B0083C500 /* moments.app */;
			productType = "com.apple.product-type.application";
		};
		EAC3FDB61CA3F4470083C500 /* momentsUITests */ = {
			isa = PBXNativeTarget;
			buildConfigurationList = EAC3FDBE1CA3F4470083C500 /* Build configuration list for PBXNativeTarget "momentsUITests" */;
			buildPhases = (
				53DEF57C3F8A3BD5A7FCD405 /* Check Pods Manifest.lock */,
				EAC3FDB31CA3F4470083C500 /* Sources */,
				EAC3FDB41CA3F4470083C500 /* Frameworks */,
				EAC3FDB51CA3F4470083C500 /* Resources */,
				0CC27A2FB622E812798E60FF /* Copy Pods Resources */,
			);
			buildRules = (
			);
			dependencies = (
				EAC3FDBD1CA3F4470083C500 /* PBXTargetDependency */,
			);
			name = momentsUITests;
			productName = momentsUITests;
			productReference = EAC3FDB71CA3F4470083C500 /* momentsUITests.xctest */;
			productType = "com.apple.product-type.bundle.ui-testing";
		};
		EAC3FDC41CA3F4580083C500 /* momentsTests */ = {
			isa = PBXNativeTarget;
			buildConfigurationList = EAC3FDCC1CA3F4580083C500 /* Build configuration list for PBXNativeTarget "momentsTests" */;
			buildPhases = (
				A7ACBABC1FE29F74ECFCC115 /* Check Pods Manifest.lock */,
				EAC3FDC11CA3F4580083C500 /* Sources */,
				EAC3FDC21CA3F4580083C500 /* Frameworks */,
				EAC3FDC31CA3F4580083C500 /* Resources */,
				0DD59A372FF0A9C0DA02CCDE /* Embed Pods Frameworks */,
				378141F99BBC9D061BEEC01C /* Copy Pods Resources */,
			);
			buildRules = (
			);
			dependencies = (
				EAC3FDCB1CA3F4580083C500 /* PBXTargetDependency */,
			);
			name = momentsTests;
			productName = momentsTests;
			productReference = EAC3FDC51CA3F4580083C500 /* momentsTests.xctest */;
			productType = "com.apple.product-type.bundle.unit-test";
		};
/* End PBXNativeTarget section */

/* Begin PBXProject section */
		EAC3FD961CA3F24B0083C500 /* Project object */ = {
			isa = PBXProject;
			attributes = {
				LastSwiftUpdateCheck = 0730;
				LastUpgradeCheck = 0720;
				ORGANIZATIONNAME = moments;
				TargetAttributes = {
					EAC3FD9D1CA3F24B0083C500 = {
						CreatedOnToolsVersion = 7.2;
						DevelopmentTeam = 69LDF699DP;
					};
					EAC3FDB61CA3F4470083C500 = {
						CreatedOnToolsVersion = 7.2;
						TestTargetID = EAC3FD9D1CA3F24B0083C500;
					};
					EAC3FDC41CA3F4580083C500 = {
						CreatedOnToolsVersion = 7.2;
						TestTargetID = EAC3FD9D1CA3F24B0083C500;
					};
				};
			};
			buildConfigurationList = EAC3FD991CA3F24B0083C500 /* Build configuration list for PBXProject "moments" */;
			compatibilityVersion = "Xcode 3.2";
			developmentRegion = English;
			hasScannedForEncodings = 0;
			knownRegions = (
				en,
				Base,
			);
			mainGroup = EAC3FD951CA3F24B0083C500;
			productRefGroup = EAC3FD9F1CA3F24B0083C500 /* Products */;
			projectDirPath = "";
			projectRoot = "";
			targets = (
				EAC3FD9D1CA3F24B0083C500 /* moments */,
				EAC3FDB61CA3F4470083C500 /* momentsUITests */,
				EAC3FDC41CA3F4580083C500 /* momentsTests */,
			);
		};
/* End PBXProject section */

/* Begin PBXResourcesBuildPhase section */
		EAC3FD9C1CA3F24B0083C500 /* Resources */ = {
			isa = PBXResourcesBuildPhase;
			buildActionMask = 2147483647;
			files = (
				EAC3FDAC1CA3F24B0083C500 /* LaunchScreen.storyboard in Resources */,
				EAC3FDA91CA3F24B0083C500 /* Assets.xcassets in Resources */,
				EAC3FDA71CA3F24B0083C500 /* Main.storyboard in Resources */,
			);
			runOnlyForDeploymentPostprocessing = 0;
		};
		EAC3FDB51CA3F4470083C500 /* Resources */ = {
			isa = PBXResourcesBuildPhase;
			buildActionMask = 2147483647;
			files = (
			);
			runOnlyForDeploymentPostprocessing = 0;
		};
		EAC3FDC31CA3F4580083C500 /* Resources */ = {
			isa = PBXResourcesBuildPhase;
			buildActionMask = 2147483647;
			files = (
			);
			runOnlyForDeploymentPostprocessing = 0;
		};
/* End PBXResourcesBuildPhase section */

/* Begin PBXShellScriptBuildPhase section */
		0CC27A2FB622E812798E60FF /* Copy Pods Resources */ = {
			isa = PBXShellScriptBuildPhase;
			buildActionMask = 2147483647;
			files = (
			);
			inputPaths = (
			);
			name = "Copy Pods Resources";
			outputPaths = (
			);
			runOnlyForDeploymentPostprocessing = 0;
			shellPath = /bin/sh;
			shellScript = "\"${SRCROOT}/Pods/Target Support Files/Pods-momentsUITests/Pods-momentsUITests-resources.sh\"\n";
			showEnvVarsInLog = 0;
		};
		0DD59A372FF0A9C0DA02CCDE /* Embed Pods Frameworks */ = {
			isa = PBXShellScriptBuildPhase;
			buildActionMask = 2147483647;
			files = (
			);
			inputPaths = (
			);
			name = "Embed Pods Frameworks";
			outputPaths = (
			);
			runOnlyForDeploymentPostprocessing = 0;
			shellPath = /bin/sh;
			shellScript = "\"${SRCROOT}/Pods/Target Support Files/Pods-momentsTests/Pods-momentsTests-frameworks.sh\"\n";
			showEnvVarsInLog = 0;
		};
		366BA2CDA78E447B132E930C /* Check Pods Manifest.lock */ = {
			isa = PBXShellScriptBuildPhase;
			buildActionMask = 2147483647;
			files = (
			);
			inputPaths = (
			);
			name = "Check Pods Manifest.lock";
			outputPaths = (
			);
			runOnlyForDeploymentPostprocessing = 0;
			shellPath = /bin/sh;
			shellScript = "diff \"${PODS_ROOT}/../Podfile.lock\" \"${PODS_ROOT}/Manifest.lock\" > /dev/null\nif [[ $? != 0 ]] ; then\n    cat << EOM\nerror: The sandbox is not in sync with the Podfile.lock. Run 'pod install' or update your CocoaPods installation.\nEOM\n    exit 1\nfi\n";
			showEnvVarsInLog = 0;
		};
		378141F99BBC9D061BEEC01C /* Copy Pods Resources */ = {
			isa = PBXShellScriptBuildPhase;
			buildActionMask = 2147483647;
			files = (
			);
			inputPaths = (
			);
			name = "Copy Pods Resources";
			outputPaths = (
			);
			runOnlyForDeploymentPostprocessing = 0;
			shellPath = /bin/sh;
			shellScript = "\"${SRCROOT}/Pods/Target Support Files/Pods-momentsTests/Pods-momentsTests-resources.sh\"\n";
			showEnvVarsInLog = 0;
		};
		53DEF57C3F8A3BD5A7FCD405 /* Check Pods Manifest.lock */ = {
			isa = PBXShellScriptBuildPhase;
			buildActionMask = 2147483647;
			files = (
			);
			inputPaths = (
			);
			name = "Check Pods Manifest.lock";
			outputPaths = (
			);
			runOnlyForDeploymentPostprocessing = 0;
			shellPath = /bin/sh;
			shellScript = "diff \"${PODS_ROOT}/../Podfile.lock\" \"${PODS_ROOT}/Manifest.lock\" > /dev/null\nif [[ $? != 0 ]] ; then\n    cat << EOM\nerror: The sandbox is not in sync with the Podfile.lock. Run 'pod install' or update your CocoaPods installation.\nEOM\n    exit 1\nfi\n";
			showEnvVarsInLog = 0;
		};
		7E0673BD8F9B5C6E893C88D8 /* Embed Pods Frameworks */ = {
			isa = PBXShellScriptBuildPhase;
			buildActionMask = 2147483647;
			files = (
			);
			inputPaths = (
			);
			name = "Embed Pods Frameworks";
			outputPaths = (
			);
			runOnlyForDeploymentPostprocessing = 0;
			shellPath = /bin/sh;
			shellScript = "\"${SRCROOT}/Pods/Target Support Files/Pods-moments/Pods-moments-frameworks.sh\"\n";
			showEnvVarsInLog = 0;
		};
		A7ACBABC1FE29F74ECFCC115 /* Check Pods Manifest.lock */ = {
			isa = PBXShellScriptBuildPhase;
			buildActionMask = 2147483647;
			files = (
			);
			inputPaths = (
			);
			name = "Check Pods Manifest.lock";
			outputPaths = (
			);
			runOnlyForDeploymentPostprocessing = 0;
			shellPath = /bin/sh;
			shellScript = "diff \"${PODS_ROOT}/../Podfile.lock\" \"${PODS_ROOT}/Manifest.lock\" > /dev/null\nif [[ $? != 0 ]] ; then\n    cat << EOM\nerror: The sandbox is not in sync with the Podfile.lock. Run 'pod install' or update your CocoaPods installation.\nEOM\n    exit 1\nfi\n";
			showEnvVarsInLog = 0;
		};
		C14EE05834E20F97AA016297 /* Copy Pods Resources */ = {
			isa = PBXShellScriptBuildPhase;
			buildActionMask = 2147483647;
			files = (
			);
			inputPaths = (
			);
			name = "Copy Pods Resources";
			outputPaths = (
			);
			runOnlyForDeploymentPostprocessing = 0;
			shellPath = /bin/sh;
			shellScript = "\"${SRCROOT}/Pods/Target Support Files/Pods-moments/Pods-moments-resources.sh\"\n";
			showEnvVarsInLog = 0;
		};
/* End PBXShellScriptBuildPhase section */

/* Begin PBXSourcesBuildPhase section */
		EAC3FD9A1CA3F24B0083C500 /* Sources */ = {
			isa = PBXSourcesBuildPhase;
			buildActionMask = 2147483647;
			files = (
				71B7ADC21CAD689D001C3133 /* uploadImageErrorHandler.swift in Sources */,
				1252C0A51CAD15DB00A72A70 /* MapController.swift in Sources */,
				EACF750C1CAD1E8600D40919 /* timeFormatter.swift in Sources */,
				C18A423C1CA95EBF00444D6E /* mockFirebase.swift in Sources */,
				1252C0B11CAD170600A72A70 /* uploadImage.swift in Sources */,
				EACF750E1CAD243400D40919 /* moment.swift in Sources */,
				B51E4E9B1CAC86D700B91177 /* DataService.swift in Sources */,
				EACF75131CAD486100D40919 /* imageKeyValidator.swift in Sources */,
				EAC3FDA21CA3F24B0083C500 /* AppDelegate.swift in Sources */,
				1252C0A61CAD15DB00A72A70 /* SignInController.swift in Sources */,
				1281C5981CA6B00A00BFD18F /* CreateMomentController.swift in Sources */,
				1252C0B31CAD195E00A72A70 /* MapView.swift in Sources */,
				1252C0AB1CAD16E400A72A70 /* facebookErrorHandler.swift in Sources */,
				71B7ADC11CAD689D001C3133 /* saveToTemporaryDirectory.swift in Sources */,
				71B7ADC71CAD7D0D001C3133 /* buildAnnotationView.swift in Sources */,
				1252C0B01CAD170600A72A70 /* downloadImage.swift in Sources */,
				EAF439B41CA6B7B5009F014B /* OneShotLocationManager.swift in Sources */,
				B51E4E9D1CAC871800B91177 /* Constants.swift in Sources */,
				71B7ADC41CAD6B48001C3133 /* uploadImageResultHandler.swift in Sources */,
				12B7619A1CAA6C3E0044067E /* MapAnnotation.swift in Sources */,
				1252C0AC1CAD16E400A72A70 /* facebookOAuthHandler.swift in Sources */,
				1252C09A1CAD156600A72A70 /* touchHelper.swift in Sources */,
			);
			runOnlyForDeploymentPostprocessing = 0;
		};
		EAC3FDB31CA3F4470083C500 /* Sources */ = {
			isa = PBXSourcesBuildPhase;
			buildActionMask = 2147483647;
			files = (
				EAC3FDBA1CA3F4470083C500 /* momentsUITests.swift in Sources */,
			);
			runOnlyForDeploymentPostprocessing = 0;
		};
		EAC3FDC11CA3F4580083C500 /* Sources */ = {
			isa = PBXSourcesBuildPhase;
			buildActionMask = 2147483647;
			files = (
				EACF75101CAD305700D40919 /* MomentUnitTests.swift in Sources */,
				716DCF241CA9665A00B9A651 /* mockFirebase.swift in Sources */,
				12B761A51CAA7EC40044067E /* MapAnnotationUnitTests.swift in Sources */,
				12B761A31CAA7EAD0044067E /* MapAnnotation.swift in Sources */,
				1281C59A1CA6B24D00BFD18F /* MapControllerUnitTests.swift in Sources */,
				1281C5941CA6AEF200BFD18F /* CreateMomentUnitTests.swift in Sources */,
				C18A423A1CA94C5F00444D6E /* FirebaseMockSpec.swift in Sources */,
				EACF75111CAD329D00D40919 /* moment.swift in Sources */,
			);
			runOnlyForDeploymentPostprocessing = 0;
		};
/* End PBXSourcesBuildPhase section */

/* Begin PBXTargetDependency section */
		EAC3FDBD1CA3F4470083C500 /* PBXTargetDependency */ = {
			isa = PBXTargetDependency;
			target = EAC3FD9D1CA3F24B0083C500 /* moments */;
			targetProxy = EAC3FDBC1CA3F4470083C500 /* PBXContainerItemProxy */;
		};
		EAC3FDCB1CA3F4580083C500 /* PBXTargetDependency */ = {
			isa = PBXTargetDependency;
			target = EAC3FD9D1CA3F24B0083C500 /* moments */;
			targetProxy = EAC3FDCA1CA3F4580083C500 /* PBXContainerItemProxy */;
		};
/* End PBXTargetDependency section */

/* Begin PBXVariantGroup section */
		EAC3FDA51CA3F24B0083C500 /* Main.storyboard */ = {
			isa = PBXVariantGroup;
			children = (
				EAC3FDA61CA3F24B0083C500 /* Base */,
			);
			name = Main.storyboard;
			sourceTree = "<group>";
		};
		EAC3FDAA1CA3F24B0083C500 /* LaunchScreen.storyboard */ = {
			isa = PBXVariantGroup;
			children = (
				EAC3FDAB1CA3F24B0083C500 /* Base */,
			);
			name = LaunchScreen.storyboard;
			sourceTree = "<group>";
		};
/* End PBXVariantGroup section */

/* Begin XCBuildConfiguration section */
		EAC3FDAE1CA3F24B0083C500 /* Debug */ = {
			isa = XCBuildConfiguration;
			buildSettings = {
				ALWAYS_SEARCH_USER_PATHS = NO;
				CLANG_CXX_LANGUAGE_STANDARD = "gnu++0x";
				CLANG_CXX_LIBRARY = "libc++";
				CLANG_ENABLE_MODULES = YES;
				CLANG_ENABLE_OBJC_ARC = YES;
				CLANG_WARN_BOOL_CONVERSION = YES;
				CLANG_WARN_CONSTANT_CONVERSION = YES;
				CLANG_WARN_DIRECT_OBJC_ISA_USAGE = YES_ERROR;
				CLANG_WARN_EMPTY_BODY = YES;
				CLANG_WARN_ENUM_CONVERSION = YES;
				CLANG_WARN_INT_CONVERSION = YES;
				CLANG_WARN_OBJC_ROOT_CLASS = YES_ERROR;
				CLANG_WARN_UNREACHABLE_CODE = YES;
				CLANG_WARN__DUPLICATE_METHOD_MATCH = YES;
				"CODE_SIGN_IDENTITY[sdk=iphoneos*]" = "iPhone Developer";
				COPY_PHASE_STRIP = NO;
				DEBUG_INFORMATION_FORMAT = dwarf;
				ENABLE_STRICT_OBJC_MSGSEND = YES;
				ENABLE_TESTABILITY = YES;
				GCC_C_LANGUAGE_STANDARD = gnu99;
				GCC_DYNAMIC_NO_PIC = NO;
				GCC_NO_COMMON_BLOCKS = YES;
				GCC_OPTIMIZATION_LEVEL = 0;
				GCC_PREPROCESSOR_DEFINITIONS = (
					"DEBUG=1",
					"$(inherited)",
				);
				GCC_WARN_64_TO_32_BIT_CONVERSION = YES;
				GCC_WARN_ABOUT_RETURN_TYPE = YES_ERROR;
				GCC_WARN_UNDECLARED_SELECTOR = YES;
				GCC_WARN_UNINITIALIZED_AUTOS = YES_AGGRESSIVE;
				GCC_WARN_UNUSED_FUNCTION = YES;
				GCC_WARN_UNUSED_VARIABLE = YES;
				IPHONEOS_DEPLOYMENT_TARGET = 9.2;
				MTL_ENABLE_DEBUG_INFO = YES;
				ONLY_ACTIVE_ARCH = YES;
				SDKROOT = iphoneos;
				SWIFT_OPTIMIZATION_LEVEL = "-Onone";
			};
			name = Debug;
		};
		EAC3FDAF1CA3F24B0083C500 /* Release */ = {
			isa = XCBuildConfiguration;
			buildSettings = {
				ALWAYS_SEARCH_USER_PATHS = NO;
				CLANG_CXX_LANGUAGE_STANDARD = "gnu++0x";
				CLANG_CXX_LIBRARY = "libc++";
				CLANG_ENABLE_MODULES = YES;
				CLANG_ENABLE_OBJC_ARC = YES;
				CLANG_WARN_BOOL_CONVERSION = YES;
				CLANG_WARN_CONSTANT_CONVERSION = YES;
				CLANG_WARN_DIRECT_OBJC_ISA_USAGE = YES_ERROR;
				CLANG_WARN_EMPTY_BODY = YES;
				CLANG_WARN_ENUM_CONVERSION = YES;
				CLANG_WARN_INT_CONVERSION = YES;
				CLANG_WARN_OBJC_ROOT_CLASS = YES_ERROR;
				CLANG_WARN_UNREACHABLE_CODE = YES;
				CLANG_WARN__DUPLICATE_METHOD_MATCH = YES;
				"CODE_SIGN_IDENTITY[sdk=iphoneos*]" = "iPhone Developer";
				COPY_PHASE_STRIP = NO;
				DEBUG_INFORMATION_FORMAT = "dwarf-with-dsym";
				ENABLE_NS_ASSERTIONS = NO;
				ENABLE_STRICT_OBJC_MSGSEND = YES;
				GCC_C_LANGUAGE_STANDARD = gnu99;
				GCC_NO_COMMON_BLOCKS = YES;
				GCC_WARN_64_TO_32_BIT_CONVERSION = YES;
				GCC_WARN_ABOUT_RETURN_TYPE = YES_ERROR;
				GCC_WARN_UNDECLARED_SELECTOR = YES;
				GCC_WARN_UNINITIALIZED_AUTOS = YES_AGGRESSIVE;
				GCC_WARN_UNUSED_FUNCTION = YES;
				GCC_WARN_UNUSED_VARIABLE = YES;
				IPHONEOS_DEPLOYMENT_TARGET = 9.2;
				MTL_ENABLE_DEBUG_INFO = NO;
				SDKROOT = iphoneos;
				VALIDATE_PRODUCT = YES;
			};
			name = Release;
		};
		EAC3FDB11CA3F24B0083C500 /* Debug */ = {
			isa = XCBuildConfiguration;
			baseConfigurationReference = B59A63FD5AE53AFFCDEB9E19 /* Pods-moments.debug.xcconfig */;
			buildSettings = {
				ASSETCATALOG_COMPILER_APPICON_NAME = AppIcon;
				CLANG_ENABLE_MODULES = YES;
				CODE_SIGN_IDENTITY = "iPhone Developer";
				"CODE_SIGN_IDENTITY[sdk=iphoneos*]" = "iPhone Developer";
				FRAMEWORK_SEARCH_PATHS = (
					"$(inherited)",
					"$(PROJECT_DIR)",
				);
				INFOPLIST_FILE = moments/Info.plist;
				LD_RUNPATH_SEARCH_PATHS = "$(inherited) @executable_path/Frameworks";
				PRODUCT_BUNDLE_IDENTIFIER = com.makersmomentsDHR.moments;
				PRODUCT_NAME = "$(TARGET_NAME)";
				PROVISIONING_PROFILE = "";
				SWIFT_OBJC_BRIDGING_HEADER = "moments/moments-Bridging-Header.h";
				SWIFT_OPTIMIZATION_LEVEL = "-Onone";
			};
			name = Debug;
		};
		EAC3FDB21CA3F24B0083C500 /* Release */ = {
			isa = XCBuildConfiguration;
			baseConfigurationReference = A7382FDB7B04DB49BE9BA27C /* Pods-moments.release.xcconfig */;
			buildSettings = {
				ASSETCATALOG_COMPILER_APPICON_NAME = AppIcon;
				CLANG_ENABLE_MODULES = YES;
				CODE_SIGN_IDENTITY = "iPhone Developer";
				"CODE_SIGN_IDENTITY[sdk=iphoneos*]" = "iPhone Developer";
				FRAMEWORK_SEARCH_PATHS = (
					"$(inherited)",
					"$(PROJECT_DIR)",
				);
				INFOPLIST_FILE = moments/Info.plist;
				LD_RUNPATH_SEARCH_PATHS = "$(inherited) @executable_path/Frameworks";
				PRODUCT_BUNDLE_IDENTIFIER = com.makersmomentsDHR.moments;
				PRODUCT_NAME = "$(TARGET_NAME)";
				PROVISIONING_PROFILE = "";
				SWIFT_OBJC_BRIDGING_HEADER = "moments/moments-Bridging-Header.h";
			};
			name = Release;
		};
		EAC3FDBF1CA3F4470083C500 /* Debug */ = {
			isa = XCBuildConfiguration;
			baseConfigurationReference = 718AFA6B434C4DB5B60D66AE /* Pods-momentsUITests.debug.xcconfig */;
			buildSettings = {
				INFOPLIST_FILE = momentsUITests/Info.plist;
				LD_RUNPATH_SEARCH_PATHS = "$(inherited) @executable_path/Frameworks @loader_path/Frameworks";
				PRODUCT_BUNDLE_IDENTIFIER = com.moments.momentsUITests;
				PRODUCT_NAME = "$(TARGET_NAME)";
				TEST_TARGET_NAME = moments;
				USES_XCTRUNNER = YES;
			};
			name = Debug;
		};
		EAC3FDC01CA3F4470083C500 /* Release */ = {
			isa = XCBuildConfiguration;
			baseConfigurationReference = 268328640982210A522001E5 /* Pods-momentsUITests.release.xcconfig */;
			buildSettings = {
				INFOPLIST_FILE = momentsUITests/Info.plist;
				LD_RUNPATH_SEARCH_PATHS = "$(inherited) @executable_path/Frameworks @loader_path/Frameworks";
				PRODUCT_BUNDLE_IDENTIFIER = com.moments.momentsUITests;
				PRODUCT_NAME = "$(TARGET_NAME)";
				TEST_TARGET_NAME = moments;
				USES_XCTRUNNER = YES;
			};
			name = Release;
		};
		EAC3FDCD1CA3F4580083C500 /* Debug */ = {
			isa = XCBuildConfiguration;
			baseConfigurationReference = 80B5C720F8B205219D4BC161 /* Pods-momentsTests.debug.xcconfig */;
			buildSettings = {
				BUNDLE_LOADER = "$(TEST_HOST)";
				CLANG_ENABLE_MODULES = YES;
				INFOPLIST_FILE = momentsTests/Info.plist;
				LD_RUNPATH_SEARCH_PATHS = "$(inherited) @executable_path/Frameworks @loader_path/Frameworks";
				PRODUCT_BUNDLE_IDENTIFIER = com.moments.momentsTests;
				PRODUCT_NAME = "$(TARGET_NAME)";
				SWIFT_OPTIMIZATION_LEVEL = "-Onone";
				TEST_HOST = "$(BUILT_PRODUCTS_DIR)/moments.app/moments";
			};
			name = Debug;
		};
		EAC3FDCE1CA3F4580083C500 /* Release */ = {
			isa = XCBuildConfiguration;
			baseConfigurationReference = E7AF4C3A45E3929333F444FC /* Pods-momentsTests.release.xcconfig */;
			buildSettings = {
				BUNDLE_LOADER = "$(TEST_HOST)";
				CLANG_ENABLE_MODULES = YES;
				INFOPLIST_FILE = momentsTests/Info.plist;
				LD_RUNPATH_SEARCH_PATHS = "$(inherited) @executable_path/Frameworks @loader_path/Frameworks";
				PRODUCT_BUNDLE_IDENTIFIER = com.moments.momentsTests;
				PRODUCT_NAME = "$(TARGET_NAME)";
				TEST_HOST = "$(BUILT_PRODUCTS_DIR)/moments.app/moments";
			};
			name = Release;
		};
/* End XCBuildConfiguration section */

/* Begin XCConfigurationList section */
		EAC3FD991CA3F24B0083C500 /* Build configuration list for PBXProject "moments" */ = {
			isa = XCConfigurationList;
			buildConfigurations = (
				EAC3FDAE1CA3F24B0083C500 /* Debug */,
				EAC3FDAF1CA3F24B0083C500 /* Release */,
			);
			defaultConfigurationIsVisible = 0;
			defaultConfigurationName = Release;
		};
		EAC3FDB01CA3F24B0083C500 /* Build configuration list for PBXNativeTarget "moments" */ = {
			isa = XCConfigurationList;
			buildConfigurations = (
				EAC3FDB11CA3F24B0083C500 /* Debug */,
				EAC3FDB21CA3F24B0083C500 /* Release */,
			);
			defaultConfigurationIsVisible = 0;
			defaultConfigurationName = Release;
		};
		EAC3FDBE1CA3F4470083C500 /* Build configuration list for PBXNativeTarget "momentsUITests" */ = {
			isa = XCConfigurationList;
			buildConfigurations = (
				EAC3FDBF1CA3F4470083C500 /* Debug */,
				EAC3FDC01CA3F4470083C500 /* Release */,
			);
			defaultConfigurationIsVisible = 0;
			defaultConfigurationName = Release;
		};
		EAC3FDCC1CA3F4580083C500 /* Build configuration list for PBXNativeTarget "momentsTests" */ = {
			isa = XCConfigurationList;
			buildConfigurations = (
				EAC3FDCD1CA3F4580083C500 /* Debug */,
				EAC3FDCE1CA3F4580083C500 /* Release */,
			);
			defaultConfigurationIsVisible = 0;
			defaultConfigurationName = Release;
		};
/* End XCConfigurationList section */
	};
	rootObject = EAC3FD961CA3F24B0083C500 /* Project object */;
}
